
Microsoft Visual Studio Solution File, Format Version 12.00
# Visual Studio Version 16
VisualStudioVersion = 16.0.31005.135
MinimumVisualStudioVersion = 10.0.40219.1
Project("{8BC9CEB8-8B4A-11D0-8D11-00A0C91BC942}") = "SCFusion Main", "main\SCFusion_vc10.vcxproj", "{9F028A49-3F1C-527D-8A3B-B02716C5851E}"
EndProject
Project("{54435603-DBB4-11D2-8724-00A0C9A8B90C}") = "Installer", "Installer\Installer.vdproj", "{AF6A7FEB-0D20-47B2-A078-BE3A0C2BF846}"
EndProject
Global
	GlobalSection(SolutionConfigurationPlatforms) = preSolution
		Debug|x86 = Debug|x86
		Release|x86 = Release|x86
	EndGlobalSection
	GlobalSection(ProjectConfigurationPlatforms) = postSolution
		{9F028A49-3F1C-527D-8A3B-B02716C5851E}.Debug|x86.ActiveCfg = Debug|Win32
		{9F028A49-3F1C-527D-8A3B-B02716C5851E}.Debug|x86.Build.0 = Debug|Win32
		{9F028A49-3F1C-527D-8A3B-B02716C5851E}.Release|x86.ActiveCfg = Release|Win32
		{9F028A49-3F1C-527D-8A3B-B02716C5851E}.Release|x86.Build.0 = Release|Win32
		{AF6A7FEB-0D20-47B2-A078-BE3A0C2BF846}.Debug|x86.ActiveCfg = Debug
		{AF6A7FEB-0D20-47B2-A078-BE3A0C2BF846}.Release|x86.ActiveCfg = Release
		{AF6A7FEB-0D20-47B2-A078-BE3A0C2BF846}.Release|x86.Build.0 = Release
	EndGlobalSection
	GlobalSection(SolutionProperties) = preSolution
		HideSolutionNode = FALSE
	EndGlobalSection
	GlobalSection(ExtensibilityGlobals) = postSolution
		SolutionGuid = {A7B320F8-B71B-42E0-96F5-126A64B9D5E2}
	EndGlobalSection
EndGlobal
